
Microsoft Visual Studio Solution File, Format Version 12.00
# Visual Studio Version 16
VisualStudioVersion = 16.0.28803.202
MinimumVisualStudioVersion = 10.0.40219.1
Project("{9A19103F-16F7-4668-BE54-9A1E7A4F7556}") = "PureMVC", "PureMVC\PureMVC.csproj", "{2087BE61-4713-47E5-92B0-7A07E061BF8C}"
EndProject
Project("{9A19103F-16F7-4668-BE54-9A1E7A4F7556}") = "PureMVCTests", "PureMVCTests\PureMVCTests.csproj", "{3F5FC4F3-74BC-4063-9E5C-0A5C54528ADB}"
EndProject
Project("{FAE04EC0-301F-11D3-BF4B-00C04F79EFBC}") = "PureMVC.WinFormApp", "PureMVC.WinFormApp\PureMVC.WinFormApp.csproj", "{6E31914E-ADE1-4EAE-91C3-FCC9E6FC4FFC}"
EndProject
Global
	GlobalSection(SolutionConfigurationPlatforms) = preSolution
		Debug|Any CPU = Debug|Any CPU
		Release|Any CPU = Release|Any CPU
	EndGlobalSection
	GlobalSection(ProjectConfigurationPlatforms) = postSolution
		{2087BE61-4713-47E5-92B0-7A07E061BF8C}.Debug|Any CPU.ActiveCfg = Debug|Any CPU
		{2087BE61-4713-47E5-92B0-7A07E061BF8C}.Debug|Any CPU.Build.0 = Debug|Any CPU
		{2087BE61-4713-47E5-92B0-7A07E061BF8C}.Release|Any CPU.ActiveCfg = Release|Any CPU
		{2087BE61-4713-47E5-92B0-7A07E061BF8C}.Release|Any CPU.Build.0 = Release|Any CPU
		{3F5FC4F3-74BC-4063-9E5C-0A5C54528ADB}.Debug|Any CPU.ActiveCfg = Debug|Any CPU
		{3F5FC4F3-74BC-4063-9E5C-0A5C54528ADB}.Debug|Any CPU.Build.0 = Debug|Any CPU
		{3F5FC4F3-74BC-4063-9E5C-0A5C54528ADB}.Release|Any CPU.ActiveCfg = Release|Any CPU
		{3F5FC4F3-74BC-4063-9E5C-0A5C54528ADB}.Release|Any CPU.Build.0 = Release|Any CPU
		{6E31914E-ADE1-4EAE-91C3-FCC9E6FC4FFC}.Debug|Any CPU.ActiveCfg = Debug|Any CPU
		{6E31914E-ADE1-4EAE-91C3-FCC9E6FC4FFC}.Debug|Any CPU.Build.0 = Debug|Any CPU
		{6E31914E-ADE1-4EAE-91C3-FCC9E6FC4FFC}.Release|Any CPU.ActiveCfg = Release|Any CPU
		{6E31914E-ADE1-4EAE-91C3-FCC9E6FC4FFC}.Release|Any CPU.Build.0 = Release|Any CPU
	EndGlobalSection
	GlobalSection(SolutionProperties) = preSolution
		HideSolutionNode = FALSE
	EndGlobalSection
	GlobalSection(ExtensibilityGlobals) = postSolution
		SolutionGuid = {791F9A2B-D8A4-4C5E-A975-ED3DE7032930}
	EndGlobalSection
EndGlobal
